// !$*UTF8*$!
{
	archiveVersion = 1;
	classes = {
	};
	objectVersion = 48;
	objects = {

/* Begin PBXBuildFile section */
		50227F986DCC2E553448B7C2 /* Pods_pixel_city.framework in Frameworks */ = {isa = PBXBuildFile; fileRef = E6CDCBCB2D0B9D0912EA5A71 /* Pods_pixel_city.framework */; };
		CC723FAB1FAAC7E0002F8773 /* AppDelegate.swift in Sources */ = {isa = PBXBuildFile; fileRef = CC723FAA1FAAC7E0002F8773 /* AppDelegate.swift */; };
		CC723FAD1FAAC7E0002F8773 /* MapVC.swift in Sources */ = {isa = PBXBuildFile; fileRef = CC723FAC1FAAC7E0002F8773 /* MapVC.swift */; };
		CC723FB01FAAC7E0002F8773 /* Main.storyboard in Resources */ = {isa = PBXBuildFile; fileRef = CC723FAE1FAAC7E0002F8773 /* Main.storyboard */; };
		CC723FB21FAAC7E0002F8773 /* Assets.xcassets in Resources */ = {isa = PBXBuildFile; fileRef = CC723FB11FAAC7E0002F8773 /* Assets.xcassets */; };
		CC723FB51FAAC7E0002F8773 /* LaunchScreen.storyboard in Resources */ = {isa = PBXBuildFile; fileRef = CC723FB31FAAC7E0002F8773 /* LaunchScreen.storyboard */; };
		CC723FC11FACD6B5002F8773 /* DroppablePin.swift in Sources */ = {isa = PBXBuildFile; fileRef = CC723FC01FACD6B5002F8773 /* DroppablePin.swift */; };
		CC723FC31FAE4CB2002F8773 /* PhotoCell.swift in Sources */ = {isa = PBXBuildFile; fileRef = CC723FC21FAE4CB2002F8773 /* PhotoCell.swift */; };
/* End PBXBuildFile section */

/* Begin PBXFileReference section */
		8893DE2A600C97408E745F44 /* Pods-pixel-city.release.xcconfig */ = {isa = PBXFileReference; includeInIndex = 1; lastKnownFileType = text.xcconfig; name = "Pods-pixel-city.release.xcconfig"; path = "Pods/Target Support Files/Pods-pixel-city/Pods-pixel-city.release.xcconfig"; sourceTree = "<group>"; };
		C2F7E9544A2944113E522685 /* Pods-pixel-city.debug.xcconfig */ = {isa = PBXFileReference; includeInIndex = 1; lastKnownFileType = text.xcconfig; name = "Pods-pixel-city.debug.xcconfig"; path = "Pods/Target Support Files/Pods-pixel-city/Pods-pixel-city.debug.xcconfig"; sourceTree = "<group>"; };
		CC723FA71FAAC7E0002F8773 /* pixel-city.app */ = {isa = PBXFileReference; explicitFileType = wrapper.application; includeInIndex = 0; path = "pixel-city.app"; sourceTree = BUILT_PRODUCTS_DIR; };
		CC723FAA1FAAC7E0002F8773 /* AppDelegate.swift */ = {isa = PBXFileReference; lastKnownFileType = sourcecode.swift; path = AppDelegate.swift; sourceTree = "<group>"; };
		CC723FAC1FAAC7E0002F8773 /* MapVC.swift */ = {isa = PBXFileReference; lastKnownFileType = sourcecode.swift; path = MapVC.swift; sourceTree = "<group>"; };
		CC723FAF1FAAC7E0002F8773 /* Base */ = {isa = PBXFileReference; lastKnownFileType = file.storyboard; name = Base; path = Base.lproj/Main.storyboard; sourceTree = "<group>"; };
		CC723FB11FAAC7E0002F8773 /* Assets.xcassets */ = {isa = PBXFileReference; lastKnownFileType = folder.assetcatalog; path = Assets.xcassets; sourceTree = "<group>"; };
		CC723FB41FAAC7E0002F8773 /* Base */ = {isa = PBXFileReference; lastKnownFileType = file.storyboard; name = Base; path = Base.lproj/LaunchScreen.storyboard; sourceTree = "<group>"; };
		CC723FB61FAAC7E0002F8773 /* Info.plist */ = {isa = PBXFileReference; lastKnownFileType = text.plist.xml; path = Info.plist; sourceTree = "<group>"; };
		CC723FC01FACD6B5002F8773 /* DroppablePin.swift */ = {isa = PBXFileReference; lastKnownFileType = sourcecode.swift; path = DroppablePin.swift; sourceTree = "<group>"; };
		CC723FC21FAE4CB2002F8773 /* PhotoCell.swift */ = {isa = PBXFileReference; lastKnownFileType = sourcecode.swift; path = PhotoCell.swift; sourceTree = "<group>"; };
		E6CDCBCB2D0B9D0912EA5A71 /* Pods_pixel_city.framework */ = {isa = PBXFileReference; explicitFileType = wrapper.framework; includeInIndex = 0; path = Pods_pixel_city.framework; sourceTree = BUILT_PRODUCTS_DIR; };
/* End PBXFileReference section */

/* Begin PBXFrameworksBuildPhase section */
		CC723FA41FAAC7E0002F8773 /* Frameworks */ = {
			isa = PBXFrameworksBuildPhase;
			buildActionMask = 2147483647;
			files = (
				50227F986DCC2E553448B7C2 /* Pods_pixel_city.framework in Frameworks */,
			);
			runOnlyForDeploymentPostprocessing = 0;
		};
/* End PBXFrameworksBuildPhase section */

/* Begin PBXGroup section */
		A9206F6C55899A647865D797 /* Frameworks */ = {
			isa = PBXGroup;
			children = (
				E6CDCBCB2D0B9D0912EA5A71 /* Pods_pixel_city.framework */,
			);
			name = Frameworks;
			sourceTree = "<group>";
		};
		BEF826D78A9AC82BB6CB172A /* Pods */ = {
			isa = PBXGroup;
			children = (
				C2F7E9544A2944113E522685 /* Pods-pixel-city.debug.xcconfig */,
				8893DE2A600C97408E745F44 /* Pods-pixel-city.release.xcconfig */,
			);
			name = Pods;
			sourceTree = "<group>";
		};
		CC723F9E1FAAC7E0002F8773 = {
			isa = PBXGroup;
			children = (
				CC723FA91FAAC7E0002F8773 /* pixel-city */,
				CC723FA81FAAC7E0002F8773 /* Products */,
				BEF826D78A9AC82BB6CB172A /* Pods */,
				A9206F6C55899A647865D797 /* Frameworks */,
			);
			sourceTree = "<group>";
		};
		CC723FA81FAAC7E0002F8773 /* Products */ = {
			isa = PBXGroup;
			children = (
				CC723FA71FAAC7E0002F8773 /* pixel-city.app */,
			);
			name = Products;
			sourceTree = "<group>";
		};
		CC723FA91FAAC7E0002F8773 /* pixel-city */ = {
			isa = PBXGroup;
			children = (
				CC723FBF1FAAC9B8002F8773 /* Utilities */,
				CC723FBE1FAAC9AD002F8773 /* Extensions */,
				CC723FBD1FAAC9A9002F8773 /* View */,
				CC723FBC1FAAC99B002F8773 /* Controller */,
				CC723FAA1FAAC7E0002F8773 /* AppDelegate.swift */,
				CC723FAE1FAAC7E0002F8773 /* Main.storyboard */,
				CC723FB11FAAC7E0002F8773 /* Assets.xcassets */,
				CC723FB31FAAC7E0002F8773 /* LaunchScreen.storyboard */,
				CC723FB61FAAC7E0002F8773 /* Info.plist */,
			);
			path = "pixel-city";
			sourceTree = "<group>";
		};
		CC723FBC1FAAC99B002F8773 /* Controller */ = {
			isa = PBXGroup;
			children = (
				CC723FAC1FAAC7E0002F8773 /* MapVC.swift */,
			);
			path = Controller;
			sourceTree = "<group>";
		};
		CC723FBD1FAAC9A9002F8773 /* View */ = {
			isa = PBXGroup;
			children = (
				CC723FC01FACD6B5002F8773 /* DroppablePin.swift */,
				CC723FC21FAE4CB2002F8773 /* PhotoCell.swift */,
			);
			path = View;
			sourceTree = "<group>";
		};
		CC723FBE1FAAC9AD002F8773 /* Extensions */ = {
			isa = PBXGroup;
			children = (
			);
			path = Extensions;
			sourceTree = "<group>";
		};
		CC723FBF1FAAC9B8002F8773 /* Utilities */ = {
			isa = PBXGroup;
			children = (
			);
			path = Utilities;
			sourceTree = "<group>";
		};
/* End PBXGroup section */

/* Begin PBXNativeTarget section */
		CC723FA61FAAC7E0002F8773 /* pixel-city */ = {
			isa = PBXNativeTarget;
			buildConfigurationList = CC723FB91FAAC7E0002F8773 /* Build configuration list for PBXNativeTarget "pixel-city" */;
			buildPhases = (
				CAC108989EF0C5305FC3010B /* [CP] Check Pods Manifest.lock */,
				CC723FA31FAAC7E0002F8773 /* Sources */,
				CC723FA41FAAC7E0002F8773 /* Frameworks */,
				CC723FA51FAAC7E0002F8773 /* Resources */,
				B195AC9F865055F1BFF5EBE5 /* [CP] Embed Pods Frameworks */,
				89212450DF20FD5362DAD248 /* [CP] Copy Pods Resources */,
			);
			buildRules = (
			);
			dependencies = (
			);
			name = "pixel-city";
			productName = "pixel-city";
			productReference = CC723FA71FAAC7E0002F8773 /* pixel-city.app */;
			productType = "com.apple.product-type.application";
		};
/* End PBXNativeTarget section */

/* Begin PBXProject section */
		CC723F9F1FAAC7E0002F8773 /* Project object */ = {
			isa = PBXProject;
			attributes = {
				LastSwiftUpdateCheck = 0910;
				LastUpgradeCheck = 0910;
				ORGANIZATIONNAME = "Adil Jiwani";
				TargetAttributes = {
					CC723FA61FAAC7E0002F8773 = {
						CreatedOnToolsVersion = 9.1;
						ProvisioningStyle = Automatic;
					};
				};
			};
			buildConfigurationList = CC723FA21FAAC7E0002F8773 /* Build configuration list for PBXProject "pixel-city" */;
			compatibilityVersion = "Xcode 8.0";
			developmentRegion = en;
			hasScannedForEncodings = 0;
			knownRegions = (
				en,
				Base,
			);
			mainGroup = CC723F9E1FAAC7E0002F8773;
			productRefGroup = CC723FA81FAAC7E0002F8773 /* Products */;
			projectDirPath = "";
			projectRoot = "";
			targets = (
				CC723FA61FAAC7E0002F8773 /* pixel-city */,
			);
		};
/* End PBXProject section */

/* Begin PBXResourcesBuildPhase section */
		CC723FA51FAAC7E0002F8773 /* Resources */ = {
			isa = PBXResourcesBuildPhase;
			buildActionMask = 2147483647;
			files = (
				CC723FB51FAAC7E0002F8773 /* LaunchScreen.storyboard in Resources */,
				CC723FB21FAAC7E0002F8773 /* Assets.xcassets in Resources */,
				CC723FB01FAAC7E0002F8773 /* Main.storyboard in Resources */,
			);
			runOnlyForDeploymentPostprocessing = 0;
		};
/* End PBXResourcesBuildPhase section */

/* Begin PBXShellScriptBuildPhase section */
		89212450DF20FD5362DAD248 /* [CP] Copy Pods Resources */ = {
			isa = PBXShellScriptBuildPhase;
			buildActionMask = 2147483647;
			files = (
			);
			inputPaths = (
			);
			name = "[CP] Copy Pods Resources";
			outputPaths = (
			);
			runOnlyForDeploymentPostprocessing = 0;
			shellPath = /bin/sh;
			shellScript = "\"${SRCROOT}/Pods/Target Support Files/Pods-pixel-city/Pods-pixel-city-resources.sh\"\n";
			showEnvVarsInLog = 0;
		};
		B195AC9F865055F1BFF5EBE5 /* [CP] Embed Pods Frameworks */ = {
			isa = PBXShellScriptBuildPhase;
			buildActionMask = 2147483647;
			files = (
			);
			inputPaths = (
				"${SRCROOT}/Pods/Target Support Files/Pods-pixel-city/Pods-pixel-city-frameworks.sh",
				"${BUILT_PRODUCTS_DIR}/Alamofire/Alamofire.framework",
				"${BUILT_PRODUCTS_DIR}/AlamofireImage/AlamofireImage.framework",
			);
			name = "[CP] Embed Pods Frameworks";
			outputPaths = (
				"${TARGET_BUILD_DIR}/${FRAMEWORKS_FOLDER_PATH}/Alamofire.framework",
				"${TARGET_BUILD_DIR}/${FRAMEWORKS_FOLDER_PATH}/AlamofireImage.framework",
			);
			runOnlyForDeploymentPostprocessing = 0;
			shellPath = /bin/sh;
			shellScript = "\"${SRCROOT}/Pods/Target Support Files/Pods-pixel-city/Pods-pixel-city-frameworks.sh\"\n";
			showEnvVarsInLog = 0;
		};
		CAC108989EF0C5305FC3010B /* [CP] Check Pods Manifest.lock */ = {
			isa = PBXShellScriptBuildPhase;
			buildActionMask = 2147483647;
			files = (
			);
			inputPaths = (
				"${PODS_PODFILE_DIR_PATH}/Podfile.lock",
				"${PODS_ROOT}/Manifest.lock",
			);
			name = "[CP] Check Pods Manifest.lock";
			outputPaths = (
				"$(DERIVED_FILE_DIR)/Pods-pixel-city-checkManifestLockResult.txt",
			);
			runOnlyForDeploymentPostprocessing = 0;
			shellPath = /bin/sh;
			shellScript = "diff \"${PODS_PODFILE_DIR_PATH}/Podfile.lock\" \"${PODS_ROOT}/Manifest.lock\" > /dev/null\nif [ $? != 0 ] ; then\n    # print error to STDERR\n    echo \"error: The sandbox is not in sync with the Podfile.lock. Run 'pod install' or update your CocoaPods installation.\" >&2\n    exit 1\nfi\n# This output is used by Xcode 'outputs' to avoid re-running this script phase.\necho \"SUCCESS\" > \"${SCRIPT_OUTPUT_FILE_0}\"\n";
			showEnvVarsInLog = 0;
		};
/* End PBXShellScriptBuildPhase section */

/* Begin PBXSourcesBuildPhase section */
		CC723FA31FAAC7E0002F8773 /* Sources */ = {
			isa = PBXSourcesBuildPhase;
			buildActionMask = 2147483647;
			files = (
				CC723FC31FAE4CB2002F8773 /* PhotoCell.swift in Sources */,
				CC723FAD1FAAC7E0002F8773 /* MapVC.swift in Sources */,
				CC723FC11FACD6B5002F8773 /* DroppablePin.swift in Sources */,
				CC723FAB1FAAC7E0002F8773 /* AppDelegate.swift in Sources */,
			);
			runOnlyForDeploymentPostprocessing = 0;
		};
/* End PBXSourcesBuildPhase section */

/* Begin PBXVariantGroup section */
		CC723FAE1FAAC7E0002F8773 /* Main.storyboard */ = {
			isa = PBXVariantGroup;
			children = (
				CC723FAF1FAAC7E0002F8773 /* Base */,
			);
			name = Main.storyboard;
			sourceTree = "<group>";
		};
		CC723FB31FAAC7E0002F8773 /* LaunchScreen.storyboard */ = {
			isa = PBXVariantGroup;
			children = (
				CC723FB41FAAC7E0002F8773 /* Base */,
			);
			name = LaunchScreen.storyboard;
			sourceTree = "<group>";
		};
/* End PBXVariantGroup section */

/* Begin XCBuildConfiguration section */
		CC723FB71FAAC7E0002F8773 /* Debug */ = {
			isa = XCBuildConfiguration;
			buildSettings = {
				ALWAYS_SEARCH_USER_PATHS = NO;
				CLANG_ANALYZER_NONNULL = YES;
				CLANG_ANALYZER_NUMBER_OBJECT_CONVERSION = YES_AGGRESSIVE;
				CLANG_CXX_LANGUAGE_STANDARD = "gnu++14";
				CLANG_CXX_LIBRARY = "libc++";
				CLANG_ENABLE_MODULES = YES;
				CLANG_ENABLE_OBJC_ARC = YES;
				CLANG_WARN_BLOCK_CAPTURE_AUTORELEASING = YES;
				CLANG_WARN_BOOL_CONVERSION = YES;
				CLANG_WARN_COMMA = YES;
				CLANG_WARN_CONSTANT_CONVERSION = YES;
				CLANG_WARN_DIRECT_OBJC_ISA_USAGE = YES_ERROR;
				CLANG_WARN_DOCUMENTATION_COMMENTS = YES;
				CLANG_WARN_EMPTY_BODY = YES;
				CLANG_WARN_ENUM_CONVERSION = YES;
				CLANG_WARN_INFINITE_RECURSION = YES;
				CLANG_WARN_INT_CONVERSION = YES;
				CLANG_WARN_NON_LITERAL_NULL_CONVERSION = YES;
				CLANG_WARN_OBJC_LITERAL_CONVERSION = YES;
				CLANG_WARN_OBJC_ROOT_CLASS = YES_ERROR;
				CLANG_WARN_RANGE_LOOP_ANALYSIS = YES;
				CLANG_WARN_STRICT_PROTOTYPES = YES;
				CLANG_WARN_SUSPICIOUS_MOVE = YES;
				CLANG_WARN_UNGUARDED_AVAILABILITY = YES_AGGRESSIVE;
				CLANG_WARN_UNREACHABLE_CODE = YES;
				CLANG_WARN__DUPLICATE_METHOD_MATCH = YES;
				CODE_SIGN_IDENTITY = "iPhone Developer";
				COPY_PHASE_STRIP = NO;
				DEBUG_INFORMATION_FORMAT = dwarf;
				ENABLE_STRICT_OBJC_MSGSEND = YES;
				ENABLE_TESTABILITY = YES;
				GCC_C_LANGUAGE_STANDARD = gnu11;
				GCC_DYNAMIC_NO_PIC = NO;
				GCC_NO_COMMON_BLOCKS = YES;
				GCC_OPTIMIZATION_LEVEL = 0;
				GCC_PREPROCESSOR_DEFINITIONS = (
					"DEBUG=1",
					"$(inherited)",
				);
				GCC_WARN_64_TO_32_BIT_CONVERSION = YES;
				GCC_WARN_ABOUT_RETURN_TYPE = YES_ERROR;
				GCC_WARN_UNDECLARED_SELECTOR = YES;
				GCC_WARN_UNINITIALIZED_AUTOS = YES_AGGRESSIVE;
				GCC_WARN_UNUSED_FUNCTION = YES;
				GCC_WARN_UNUSED_VARIABLE = YES;
				IPHONEOS_DEPLOYMENT_TARGET = 11.1;
				MTL_ENABLE_DEBUG_INFO = YES;
				ONLY_ACTIVE_ARCH = YES;
				SDKROOT = iphoneos;
				SWIFT_ACTIVE_COMPILATION_CONDITIONS = DEBUG;
				SWIFT_OPTIMIZATION_LEVEL = "-Onone";
			};
			name = Debug;
		};
		CC723FB81FAAC7E0002F8773 /* Release */ = {
			isa = XCBuildConfiguration;
			buildSettings = {
				ALWAYS_SEARCH_USER_PATHS = NO;
				CLANG_ANALYZER_NONNULL = YES;
				CLANG_ANALYZER_NUMBER_OBJECT_CONVERSION = YES_AGGRESSIVE;
				CLANG_CXX_LANGUAGE_STANDARD = "gnu++14";
				CLANG_CXX_LIBRARY = "libc++";
				CLANG_ENABLE_MODULES = YES;
				CLANG_ENABLE_OBJC_ARC = YES;
				CLANG_WARN_BLOCK_CAPTURE_AUTORELEASING = YES;
				CLANG_WARN_BOOL_CONVERSION = YES;
				CLANG_WARN_COMMA = YES;
				CLANG_WARN_CONSTANT_CONVERSION = YES;
				CLANG_WARN_DIRECT_OBJC_ISA_USAGE = YES_ERROR;
				CLANG_WARN_DOCUMENTATION_COMMENTS = YES;
				CLANG_WARN_EMPTY_BODY = YES;
				CLANG_WARN_ENUM_CONVERSION = YES;
				CLANG_WARN_INFINITE_RECURSION = YES;
				CLANG_WARN_INT_CONVERSION = YES;
				CLANG_WARN_NON_LITERAL_NULL_CONVERSION = YES;
				CLANG_WARN_OBJC_LITERAL_CONVERSION = YES;
				CLANG_WARN_OBJC_ROOT_CLASS = YES_ERROR;
				CLANG_WARN_RANGE_LOOP_ANALYSIS = YES;
				CLANG_WARN_STRICT_PROTOTYPES = YES;
				CLANG_WARN_SUSPICIOUS_MOVE = YES;
				CLANG_WARN_UNGUARDED_AVAILABILITY = YES_AGGRESSIVE;
				CLANG_WARN_UNREACHABLE_CODE = YES;
				CLANG_WARN__DUPLICATE_METHOD_MATCH = YES;
				CODE_SIGN_IDENTITY = "iPhone Developer";
				COPY_PHASE_STRIP = NO;
				DEBUG_INFORMATION_FORMAT = "dwarf-with-dsym";
				ENABLE_NS_ASSERTIONS = NO;
				ENABLE_STRICT_OBJC_MSGSEND = YES;
				GCC_C_LANGUAGE_STANDARD = gnu11;
				GCC_NO_COMMON_BLOCKS = YES;
				GCC_WARN_64_TO_32_BIT_CONVERSION = YES;
				GCC_WARN_ABOUT_RETURN_TYPE = YES_ERROR;
				GCC_WARN_UNDECLARED_SELECTOR = YES;
				GCC_WARN_UNINITIALIZED_AUTOS = YES_AGGRESSIVE;
				GCC_WARN_UNUSED_FUNCTION = YES;
				GCC_WARN_UNUSED_VARIABLE = YES;
				IPHONEOS_DEPLOYMENT_TARGET = 11.1;
				MTL_ENABLE_DEBUG_INFO = NO;
				SDKROOT = iphoneos;
				SWIFT_OPTIMIZATION_LEVEL = "-Owholemodule";
				VALIDATE_PRODUCT = YES;
			};
			name = Release;
		};
		CC723FBA1FAAC7E0002F8773 /* Debug */ = {
			isa = XCBuildConfiguration;
			baseConfigurationReference = C2F7E9544A2944113E522685 /* Pods-pixel-city.debug.xcconfig */;
			buildSettings = {
				ASSETCATALOG_COMPILER_APPICON_NAME = AppIcon;
				CODE_SIGN_STYLE = Automatic;
				INFOPLIST_FILE = "pixel-city/Info.plist";
				LD_RUNPATH_SEARCH_PATHS = "$(inherited) @executable_path/Frameworks";
				PRODUCT_BUNDLE_IDENTIFIER = "AJ.pixel-city";
				PRODUCT_NAME = "$(TARGET_NAME)";
				SWIFT_VERSION = 4.0;
				TARGETED_DEVICE_FAMILY = "1,2";
			};
			name = Debug;
		};
		CC723FBB1FAAC7E0002F8773 /* Release */ = {
			isa = XCBuildConfiguration;
			baseConfigurationReference = 8893DE2A600C97408E745F44 /* Pods-pixel-city.release.xcconfig */;
			buildSettings = {
				ASSETCATALOG_COMPILER_APPICON_NAME = AppIcon;
				CODE_SIGN_STYLE = Automatic;
				INFOPLIST_FILE = "pixel-city/Info.plist";
				LD_RUNPATH_SEARCH_PATHS = "$(inherited) @executable_path/Frameworks";
				PRODUCT_BUNDLE_IDENTIFIER = "AJ.pixel-city";
				PRODUCT_NAME = "$(TARGET_NAME)";
				SWIFT_VERSION = 4.0;
				TARGETED_DEVICE_FAMILY = "1,2";
			};
			name = Release;
		};
/* End XCBuildConfiguration section */

/* Begin XCConfigurationList section */
		CC723FA21FAAC7E0002F8773 /* Build configuration list for PBXProject "pixel-city" */ = {
			isa = XCConfigurationList;
			buildConfigurations = (
				CC723FB71FAAC7E0002F8773 /* Debug */,
				CC723FB81FAAC7E0002F8773 /* Release */,
			);
			defaultConfigurationIsVisible = 0;
			defaultConfigurationName = Release;
		};
		CC723FB91FAAC7E0002F8773 /* Build configuration list for PBXNativeTarget "pixel-city" */ = {
			isa = XCConfigurationList;
			buildConfigurations = (
				CC723FBA1FAAC7E0002F8773 /* Debug */,
				CC723FBB1FAAC7E0002F8773 /* Release */,
			);
			defaultConfigurationIsVisible = 0;
			defaultConfigurationName = Release;
		};
/* End XCConfigurationList section */
	};
	rootObject = CC723F9F1FAAC7E0002F8773 /* Project object */;
}
